
Microsoft Visual Studio Solution File, Format Version 12.00
# Visual Studio Version 17
VisualStudioVersion = 17.0.31903.59
MinimumVisualStudioVersion = 10.0.40219.1
Project("{FAE04EC0-301F-11D3-BF4B-00C04F79EFBC}") = "CleanetCode.TodoList.CLI", "CleanetCode.TodoList.CLI\CleanetCode.TodoList.CLI.csproj", "{006E5F40-1ECB-4936-A047-195411B27209}"
EndProject
Project("{FAE04EC0-301F-11D3-BF4B-00C04F79EFBC}") = "TodoList.PlainImplementation", "TodoList.PlainImplementation\TodoList.PlainImplementation.csproj", "{9CA4F136-D71E-401A-9D3B-D3596EC79D58}"
EndProject
Global
	GlobalSection(SolutionConfigurationPlatforms) = preSolution
		Debug|Any CPU = Debug|Any CPU
		Release|Any CPU = Release|Any CPU
	EndGlobalSection
	GlobalSection(ProjectConfigurationPlatforms) = postSolution
		{006E5F40-1ECB-4936-A047-195411B27209}.Debug|Any CPU.ActiveCfg = Debug|Any CPU
		{006E5F40-1ECB-4936-A047-195411B27209}.Debug|Any CPU.Build.0 = Debug|Any CPU
		{006E5F40-1ECB-4936-A047-195411B27209}.Release|Any CPU.ActiveCfg = Release|Any CPU
		{006E5F40-1ECB-4936-A047-195411B27209}.Release|Any CPU.Build.0 = Release|Any CPU
		{9CA4F136-D71E-401A-9D3B-D3596EC79D58}.Debug|Any CPU.ActiveCfg = Debug|Any CPU
		{9CA4F136-D71E-401A-9D3B-D3596EC79D58}.Debug|Any CPU.Build.0 = Debug|Any CPU
		{9CA4F136-D71E-401A-9D3B-D3596EC79D58}.Release|Any CPU.ActiveCfg = Release|Any CPU
		{9CA4F136-D71E-401A-9D3B-D3596EC79D58}.Release|Any CPU.Build.0 = Release|Any CPU
	EndGlobalSection
	GlobalSection(SolutionProperties) = preSolution
		HideSolutionNode = FALSE
	EndGlobalSection
	GlobalSection(ExtensibilityGlobals) = postSolution
		SolutionGuid = {96895E3C-931E-49EA-AEDA-48302F62DB2A}
	EndGlobalSection
EndGlobal
